
Microsoft Visual Studio Solution File, Format Version 12.00
# Visual Studio Version 17
VisualStudioVersion = 17.4.33205.214
MinimumVisualStudioVersion = 10.0.40219.1
Project("{FAE04EC0-301F-11D3-BF4B-00C04F79EFBC}") = "University_CRM_UI.MVC", "University_CRM_UI.MVC\University_CRM_UI.MVC.csproj", "{FD7EC279-2330-407F-8611-81DBFA31EE52}"
EndProject
Global
	GlobalSection(SolutionConfigurationPlatforms) = preSolution
		Debug|Any CPU = Debug|Any CPU
		Release|Any CPU = Release|Any CPU
	EndGlobalSection
	GlobalSection(ProjectConfigurationPlatforms) = postSolution
		{FD7EC279-2330-407F-8611-81DBFA31EE52}.Debug|Any CPU.ActiveCfg = Debug|Any CPU
		{FD7EC279-2330-407F-8611-81DBFA31EE52}.Debug|Any CPU.Build.0 = Debug|Any CPU
		{FD7EC279-2330-407F-8611-81DBFA31EE52}.Release|Any CPU.ActiveCfg = Release|Any CPU
		{FD7EC279-2330-407F-8611-81DBFA31EE52}.Release|Any CPU.Build.0 = Release|Any CPU
	EndGlobalSection
	GlobalSection(SolutionProperties) = preSolution
		HideSolutionNode = FALSE
	EndGlobalSection
	GlobalSection(ExtensibilityGlobals) = postSolution
		SolutionGuid = {5FCAE3B1-87CD-4C51-9D89-3437BAF024BD}
	EndGlobalSection
EndGlobal
