
Microsoft Visual Studio Solution File, Format Version 12.00
# Visual Studio Version 17
VisualStudioVersion = 17.4.33205.214
MinimumVisualStudioVersion = 10.0.40219.1
Project("{2150E333-8FDC-42A3-9474-1A3956D46DE8}") = "src", "src", "{18709508-A0C1-4DAF-A232-593B00BFA8E4}"
EndProject
Project("{2150E333-8FDC-42A3-9474-1A3956D46DE8}") = "test", "test", "{020A3B6C-0C0F-4BF7-9884-C9B66CF0ED65}"
EndProject
Project("{FAE04EC0-301F-11D3-BF4B-00C04F79EFBC}") = "Domain", "Domain\Domain.csproj", "{F58419EA-3055-405C-8EED-066DF6B4D541}"
EndProject
Project("{FAE04EC0-301F-11D3-BF4B-00C04F79EFBC}") = "Infrastructure", "Infrastructure\Infrastructure.csproj", "{EA3C77FC-F294-4AD2-9BEE-B69C781FAFE3}"
EndProject
Project("{FAE04EC0-301F-11D3-BF4B-00C04F79EFBC}") = "Application", "Application\Application.csproj", "{5A965778-07A1-4F0F-B06E-33C6C2471693}"
EndProject
Global
	GlobalSection(SolutionConfigurationPlatforms) = preSolution
		Debug|Any CPU = Debug|Any CPU
		Release|Any CPU = Release|Any CPU
	EndGlobalSection
	GlobalSection(ProjectConfigurationPlatforms) = postSolution
		{F58419EA-3055-405C-8EED-066DF6B4D541}.Debug|Any CPU.ActiveCfg = Debug|Any CPU
		{F58419EA-3055-405C-8EED-066DF6B4D541}.Debug|Any CPU.Build.0 = Debug|Any CPU
		{F58419EA-3055-405C-8EED-066DF6B4D541}.Release|Any CPU.ActiveCfg = Release|Any CPU
		{F58419EA-3055-405C-8EED-066DF6B4D541}.Release|Any CPU.Build.0 = Release|Any CPU
		{EA3C77FC-F294-4AD2-9BEE-B69C781FAFE3}.Debug|Any CPU.ActiveCfg = Debug|Any CPU
		{EA3C77FC-F294-4AD2-9BEE-B69C781FAFE3}.Debug|Any CPU.Build.0 = Debug|Any CPU
		{EA3C77FC-F294-4AD2-9BEE-B69C781FAFE3}.Release|Any CPU.ActiveCfg = Release|Any CPU
		{EA3C77FC-F294-4AD2-9BEE-B69C781FAFE3}.Release|Any CPU.Build.0 = Release|Any CPU
		{5A965778-07A1-4F0F-B06E-33C6C2471693}.Debug|Any CPU.ActiveCfg = Debug|Any CPU
		{5A965778-07A1-4F0F-B06E-33C6C2471693}.Debug|Any CPU.Build.0 = Debug|Any CPU
		{5A965778-07A1-4F0F-B06E-33C6C2471693}.Release|Any CPU.ActiveCfg = Release|Any CPU
		{5A965778-07A1-4F0F-B06E-33C6C2471693}.Release|Any CPU.Build.0 = Release|Any CPU
	EndGlobalSection
	GlobalSection(SolutionProperties) = preSolution
		HideSolutionNode = FALSE
	EndGlobalSection
	GlobalSection(NestedProjects) = preSolution
		{F58419EA-3055-405C-8EED-066DF6B4D541} = {18709508-A0C1-4DAF-A232-593B00BFA8E4}
		{EA3C77FC-F294-4AD2-9BEE-B69C781FAFE3} = {18709508-A0C1-4DAF-A232-593B00BFA8E4}
		{5A965778-07A1-4F0F-B06E-33C6C2471693} = {18709508-A0C1-4DAF-A232-593B00BFA8E4}
	EndGlobalSection
	GlobalSection(ExtensibilityGlobals) = postSolution
		SolutionGuid = {2AFBECF9-668D-453E-8C91-CEF0A72B0E57}
	EndGlobalSection
EndGlobal
