
Microsoft Visual Studio Solution File, Format Version 12.00
# Visual Studio Version 17
VisualStudioVersion = 17.4.33205.214
MinimumVisualStudioVersion = 10.0.40219.1
Project("{FAE04EC0-301F-11D3-BF4B-00C04F79EFBC}") = "History.API", "History.API\History.API.csproj", "{51CCBE25-9EBE-4255-B9D1-2BB1D080DFEE}"
EndProject
Global
	GlobalSection(SolutionConfigurationPlatforms) = preSolution
		Debug|Any CPU = Debug|Any CPU
		Release|Any CPU = Release|Any CPU
	EndGlobalSection
	GlobalSection(ProjectConfigurationPlatforms) = postSolution
		{51CCBE25-9EBE-4255-B9D1-2BB1D080DFEE}.Debug|Any CPU.ActiveCfg = Debug|Any CPU
		{51CCBE25-9EBE-4255-B9D1-2BB1D080DFEE}.Debug|Any CPU.Build.0 = Debug|Any CPU
		{51CCBE25-9EBE-4255-B9D1-2BB1D080DFEE}.Release|Any CPU.ActiveCfg = Release|Any CPU
		{51CCBE25-9EBE-4255-B9D1-2BB1D080DFEE}.Release|Any CPU.Build.0 = Release|Any CPU
	EndGlobalSection
	GlobalSection(SolutionProperties) = preSolution
		HideSolutionNode = FALSE
	EndGlobalSection
	GlobalSection(ExtensibilityGlobals) = postSolution
		SolutionGuid = {2AFBECF9-668D-453E-8C91-CEF0A72B0E57}
	EndGlobalSection
EndGlobal
